
Microsoft Visual Studio Solution File, Format Version 12.00
# Visual Studio Version 16
VisualStudioVersion = 16.0.29806.167
MinimumVisualStudioVersion = 10.0.40219.1
Project("{FAE04EC0-301F-11D3-BF4B-00C04F79EFBC}") = "RiskPack", "RiskPack.csproj", "{96338F15-8AC8-44B1-BD0D-047702C8743A}"
EndProject
Global
	GlobalSection(SolutionConfigurationPlatforms) = preSolution
		Debug|Any CPU = Debug|Any CPU
		Release|Any CPU = Release|Any CPU
	EndGlobalSection
	GlobalSection(ProjectConfigurationPlatforms) = postSolution
		{96338F15-8AC8-44B1-BD0D-047702C8743A}.Debug|Any CPU.ActiveCfg = Debug|Any CPU
		{96338F15-8AC8-44B1-BD0D-047702C8743A}.Debug|Any CPU.Build.0 = Debug|Any CPU
		{96338F15-8AC8-44B1-BD0D-047702C8743A}.Release|Any CPU.ActiveCfg = Release|Any CPU
		{96338F15-8AC8-44B1-BD0D-047702C8743A}.Release|Any CPU.Build.0 = Release|Any CPU
	EndGlobalSection
	GlobalSection(SolutionProperties) = preSolution
		HideSolutionNode = FALSE
	EndGlobalSection
	GlobalSection(ExtensibilityGlobals) = postSolution
		SolutionGuid = {327A1399-1C7C-4E40-96CA-B54A82813021}
	EndGlobalSection
EndGlobal
