
Microsoft Visual Studio Solution File, Format Version 12.00
# Visual Studio 15
Project("{FAE04EC0-301F-11D3-BF4B-00C04F79EFBC}") = "Standalone", "Standalone.csproj", "{F3D5FB42-DDA2-439C-AF1B-F8959E839010}"
EndProject
Global
	GlobalSection(SolutionConfigurationPlatforms) = preSolution
		Debug|Any CPU = Debug|Any CPU
		Release|Any CPU = Release|Any CPU
	EndGlobalSection
	GlobalSection(ProjectConfigurationPlatforms) = postSolution
		{F3D5FB42-DDA2-439C-AF1B-F8959E839010}.Debug|Any CPU.ActiveCfg = Debug|Any CPU
		{F3D5FB42-DDA2-439C-AF1B-F8959E839010}.Debug|Any CPU.Build.0 = Debug|Any CPU
		{F3D5FB42-DDA2-439C-AF1B-F8959E839010}.Release|Any CPU.ActiveCfg = Release|Any CPU
		{F3D5FB42-DDA2-439C-AF1B-F8959E839010}.Release|Any CPU.Build.0 = Release|Any CPU
	EndGlobalSection
EndGlobal
